{
  "requires": true,
  "lockfileVersion": 1,
  "dependencies": {
    "bindings": {
      "version": "1.2.1",
      "resolved": "https://registry.npmjs.org/bindings/-/bindings-1.2.1.tgz",
      "integrity": "sha1-FK1hE4EtLTfXLme0ystLtyZQXxE=",
      "optional": true
    },
    "bufferutil": {
      "version": "1.2.1",
      "resolved": "https://registry.npmjs.org/bufferutil/-/bufferutil-1.2.1.tgz",
      "integrity": "sha1-N75dNuHgZJIiHmjUdLGsWOUQy9c=",
      "optional": true,
      "requires": {
        "bindings": "1.2.x",
        "nan": "^2.0.5"
      }
    },
    "engine.io": {
      "version": "1.5.4",
      "resolved": "https://registry.npmjs.org/engine.io/-/engine.io-1.5.4.tgz",
      "integrity": "sha1-xhQQEpEcNQYxwbOQ9TJOtCAuKfI=",
      "requires": {
        "base64id": "0.1.0",
        "debug": "1.0.3",
        "engine.io-parser": "1.2.2",
        "ws": "0.8.0"
      },
      "dependencies": {
        "base64id": {
          "version": "0.1.0",
          "resolved": "https://registry.npmjs.org/base64id/-/base64id-0.1.0.tgz",
          "integrity": "sha1-As4P3u4M709ACA4ec+g08LG/zj8="
        },
        "debug": {
          "version": "1.0.3",
          "resolved": "https://registry.npmjs.org/debug/-/debug-1.0.3.tgz",
          "integrity": "sha1-/IxrLWACgEtAgcAgjg9kYLofo+Q=",
          "requires": {
            "ms": "0.6.2"
          },
          "dependencies": {
            "ms": {
              "version": "0.6.2",
              "resolved": "https://registry.npmjs.org/ms/-/ms-0.6.2.tgz",
              "integrity": "sha1-2JwhJMb9wTU9Zai3e/GqxLGTcIw="
            }
          }
        },
        "engine.io-parser": {
          "version": "1.2.2",
          "resolved": "https://registry.npmjs.org/engine.io-parser/-/engine.io-parser-1.2.2.tgz",
          "integrity": "sha1-zQgQQf7qOcZDI/95uCqQpyr8zN0=",
          "requires": {
            "after": "0.8.1",
            "arraybuffer.slice": "0.0.6",
            "base64-arraybuffer": "0.1.2",
            "blob": "0.0.4",
            "has-binary": "0.1.6",
            "utf8": "2.1.0"
          },
          "dependencies": {
            "after": {
              "version": "0.8.1",
              "resolved": "https://registry.npmjs.org/after/-/after-0.8.1.tgz",
              "integrity": "sha1-q11PuIP1loFtNRX495HAr0ht1ic="
            },
            "arraybuffer.slice": {
              "version": "0.0.6",
              "resolved": "https://registry.npmjs.org/arraybuffer.slice/-/arraybuffer.slice-0.0.6.tgz",
              "integrity": "sha1-8zshWfBTKj8xB6JywMz70a0peco="
            },
            "base64-arraybuffer": {
              "version": "0.1.2",
              "resolved": "https://registry.npmjs.org/base64-arraybuffer/-/base64-arraybuffer-0.1.2.tgz",
              "integrity": "sha1-R030qfLaJOBd8xWMOx2zw81GoVQ="
            },
            "blob": {
              "version": "0.0.4",
              "resolved": "https://registry.npmjs.org/blob/-/blob-0.0.4.tgz",
              "integrity": "sha1-vPEwUspURj8w+fx+lbmkdjCpSSE="
            },
            "has-binary": {
              "version": "0.1.6",
              "resolved": "https://registry.npmjs.org/has-binary/-/has-binary-0.1.6.tgz",
              "integrity": "sha1-JTJvOc+k9hath4eJTjryz7x7bhA=",
              "requires": {
                "isarray": "0.0.1"
              },
              "dependencies": {
                "isarray": {
                  "version": "0.0.1",
                  "resolved": "https://registry.npmjs.org/isarray/-/isarray-0.0.1.tgz",
                  "integrity": "sha1-ihis/Kmo9Bd+Cav8YDiTmwXR7t8="
                }
              }
            },
            "utf8": {
              "version": "2.1.0",
              "resolved": "https://registry.npmjs.org/utf8/-/utf8-2.1.0.tgz",
              "integrity": "sha1-DP7FyAUtRKI+OqqQgQToB1+V39U="
            }
          }
        },
        "ws": {
          "version": "0.8.0",
          "resolved": "https://registry.npmjs.org/ws/-/ws-0.8.0.tgz",
          "integrity": "sha1-rGDrrTEhIdAeFswzg9fsZ60PDx8=",
          "requires": {
            "bufferutil": "1.2.x",
            "options": ">=0.0.5",
            "ultron": "1.0.x",
            "utf-8-validate": "1.2.x"
          },
          "dependencies": {
            "options": {
              "version": "0.0.6",
              "resolved": "https://registry.npmjs.org/options/-/options-0.0.6.tgz",
              "integrity": "sha1-7CLTEoBrtT5zF3Pnza788cZDEo8="
            },
            "ultron": {
              "version": "1.0.2",
              "resolved": "https://registry.npmjs.org/ultron/-/ultron-1.0.2.tgz",
              "integrity": "sha1-rOEWq1V80Zc4ak6I9GhTeMiy5Po="
            }
          }
        }
      }
    },
    "eureca.io": {
      "version": "0.6.41",
      "resolved": "https://registry.npmjs.org/eureca.io/-/eureca.io-0.6.41.tgz",
      "integrity": "sha1-vngq6/mI4MV8FNSIgWyNyvdaJy8=",
      "requires": {
        "primus": ">= 2.1.0"
      },
      "dependencies": {
        "primus": {
          "version": "4.0.1",
          "resolved": "https://registry.npmjs.org/primus/-/primus-4.0.1.tgz",
          "integrity": "sha1-J8C3lKXG54b1lWGRpl5IDo3Mm9Y=",
          "requires": {
            "access-control": "0.0.x",
            "asyncemit": "3.0.x",
            "create-server": "1.0.x",
            "demolish": "1.0.x",
            "diagnostics": "1.0.x",
            "emits": "3.0.x",
            "eventemitter3": "1.1.x",
            "forwarded-for": "1.0.x",
            "fusing": "1.0.x",
            "load": "1.0.x",
            "querystringify": "0.0.x",
            "recovery": "0.2.x",
            "setheader": "0.0.x",
            "tick-tock": "1.0.x",
            "ultron": "1.0.x",
            "url-parse": "1.0.x",
            "yeast": "0.1.x"
          },
          "dependencies": {
            "access-control": {
              "version": "0.0.8",
              "resolved": "https://registry.npmjs.org/access-control/-/access-control-0.0.8.tgz",
              "integrity": "sha1-5dwusW6YA6803jv2RbkcSw9QmlU=",
              "requires": {
                "millisecond": "0.1.x",
                "setheader": "0.0.x",
                "vary": "1.0.x"
              },
              "dependencies": {
                "millisecond": {
                  "version": "0.1.1",
                  "resolved": "https://registry.npmjs.org/millisecond/-/millisecond-0.1.1.tgz",
                  "integrity": "sha1-GiIiwZW6kSHP6aFlPBgtFTO+07A="
                },
                "vary": {
                  "version": "1.0.1",
                  "resolved": "https://registry.npmjs.org/vary/-/vary-1.0.1.tgz",
                  "integrity": "sha1-meSYFWaihhGN+yuBc1ffeZM3bRA="
                }
              }
            },
            "asyncemit": {
              "version": "3.0.1",
              "resolved": "https://registry.npmjs.org/asyncemit/-/asyncemit-3.0.1.tgz",
              "integrity": "sha1-zD4P4No5tTzBXls6qGFupqcr1Zk="
            },
            "create-server": {
              "version": "1.0.1",
              "resolved": "https://registry.npmjs.org/create-server/-/create-server-1.0.1.tgz",
              "integrity": "sha1-FkNCg08Yi77Hx7xGZ0Y8wrEwTEQ=",
              "requires": {
                "connected": "0.0.x"
              },
              "dependencies": {
                "connected": {
                  "version": "0.0.2",
                  "resolved": "https://registry.npmjs.org/connected/-/connected-0.0.2.tgz",
                  "integrity": "sha1-e1dVshbOMf+rzMOOn04d/Bw7fG0="
                }
              }
            },
            "demolish": {
              "version": "1.0.2",
              "resolved": "https://registry.npmjs.org/demolish/-/demolish-1.0.2.tgz",
              "integrity": "sha1-VFDAsNrIUNjYL/c4h2/Tz5C+UPE="
            },
            "diagnostics": {
              "version": "1.0.1",
              "resolved": "https://registry.npmjs.org/diagnostics/-/diagnostics-1.0.1.tgz",
              "integrity": "sha1-rM2wgMgrsl0N1zQwqeaof7tDFUE=",
              "requires": {
                "colorspace": "1.0.x",
                "enabled": "1.0.x",
                "kuler": "0.0.x"
              },
              "dependencies": {
                "colorspace": {
                  "version": "1.0.1",
                  "resolved": "https://registry.npmjs.org/colorspace/-/colorspace-1.0.1.tgz",
                  "integrity": "sha1-yZx5btMRKLmHalLh7l7gOkpxl0k=",
                  "requires": {
                    "color": "0.8.x",
                    "text-hex": "0.0.x"
                  },
                  "dependencies": {
                    "color": {
                      "version": "0.8.0",
                      "resolved": "https://registry.npmjs.org/color/-/color-0.8.0.tgz",
                      "integrity": "sha1-iQwHw/1OZJU3Y4kRz2keVFi2/KU=",
                      "requires": {
                        "color-convert": "^0.5.0",
                        "color-string": "^0.3.0"
                      },
                      "dependencies": {
                        "color-convert": {
                          "version": "0.5.3",
                          "resolved": "https://registry.npmjs.org/color-convert/-/color-convert-0.5.3.tgz",
                          "integrity": "sha1-vbbGnOZg+t/+CwAHzER+G59ygr0="
                        },
                        "color-string": {
                          "version": "0.3.0",
                          "resolved": "https://registry.npmjs.org/color-string/-/color-string-0.3.0.tgz",
                          "integrity": "sha1-J9RvtnAlxcL6JZk7+/V55HhBuZE=",
                          "requires": {
                            "color-name": "^1.0.0"
                          },
                          "dependencies": {
                            "color-name": {
                              "version": "1.0.1",
                              "resolved": "https://registry.npmjs.org/color-name/-/color-name-1.0.1.tgz",
                              "integrity": "sha1-azSyspt3FgE5crC51b7c+7Zxjfg="
                            }
                          }
                        }
                      }
                    },
                    "text-hex": {
                      "version": "0.0.0",
                      "resolved": "https://registry.npmjs.org/text-hex/-/text-hex-0.0.0.tgz",
                      "integrity": "sha1-V4+8haapJjbkLdF7QdAhjM6esrM="
                    }
                  }
                },
                "enabled": {
                  "version": "1.0.1",
                  "resolved": "https://registry.npmjs.org/enabled/-/enabled-1.0.1.tgz",
                  "integrity": "sha1-5gnqCGsa3vrOTi/y6fBn3wK2N64=",
                  "requires": {
                    "env-variable": "0.0.x"
                  },
                  "dependencies": {
                    "env-variable": {
                      "version": "0.0.3",
                      "resolved": "https://registry.npmjs.org/env-variable/-/env-variable-0.0.3.tgz",
                      "integrity": "sha1-uGwWQb5WECZ9UG8YBx6nbXBwl8s="
                    }
                  }
                },
                "kuler": {
                  "version": "0.0.0",
                  "resolved": "https://registry.npmjs.org/kuler/-/kuler-0.0.0.tgz",
                  "integrity": "sha1-tmu0a5NOVQ9Z2BiEjgq7pPf1VTw=",
                  "requires": {
                    "colornames": "0.0.2"
                  },
                  "dependencies": {
                    "colornames": {
                      "version": "0.0.2",
                      "resolved": "https://registry.npmjs.org/colornames/-/colornames-0.0.2.tgz",
                      "integrity": "sha1-2BH9bIT1kClJmorEQ2ICk1uSvjE="
                    }
                  }
                }
              }
            },
            "emits": {
              "version": "3.0.0",
              "resolved": "https://registry.npmjs.org/emits/-/emits-3.0.0.tgz",
              "integrity": "sha1-MnUrupXhcHshlWI4Srm7ix/WL3A="
            },
            "eventemitter3": {
              "version": "1.1.1",
              "resolved": "https://registry.npmjs.org/eventemitter3/-/eventemitter3-1.1.1.tgz",
              "integrity": "sha1-R3hr2qCHyvext15zq8XH1UAVjNA="
            },
            "forwarded-for": {
              "version": "1.0.0",
              "resolved": "https://registry.npmjs.org/forwarded-for/-/forwarded-for-1.0.0.tgz",
              "integrity": "sha1-qovTXeqgMzuwRnd0oH2AqEXigEY="
            },
            "fusing": {
              "version": "1.0.0",
              "resolved": "https://registry.npmjs.org/fusing/-/fusing-1.0.0.tgz",
              "integrity": "sha1-VQwV12r5Jld4qgUezkTUAAoJjUU=",
              "requires": {
                "emits": "3.0.x",
                "predefine": "0.1.x"
              },
              "dependencies": {
                "predefine": {
                  "version": "0.1.2",
                  "resolved": "https://registry.npmjs.org/predefine/-/predefine-0.1.2.tgz",
                  "integrity": "sha1-KqkrRJa8H4VU5DpF92v75Q0z038=",
                  "requires": {
                    "extendible": "0.1.x"
                  },
                  "dependencies": {
                    "extendible": {
                      "version": "0.1.1",
                      "resolved": "https://registry.npmjs.org/extendible/-/extendible-0.1.1.tgz",
                      "integrity": "sha1-4qN+2HEp+0+VM+io11BiMKU5yQU="
                    }
                  }
                }
              }
            },
            "load": {
              "version": "1.0.1",
              "resolved": "https://registry.npmjs.org/load/-/load-1.0.1.tgz",
              "integrity": "sha1-PX8XVzoJakFAV2ESHlO9LR/qi4k="
            },
            "querystringify": {
              "version": "0.0.3",
              "resolved": "https://registry.npmjs.org/querystringify/-/querystringify-0.0.3.tgz",
              "integrity": "sha1-DJ02+/jHpPces3CFd2NXemMzW+c="
            },
            "recovery": {
              "version": "0.2.6",
              "resolved": "https://registry.npmjs.org/recovery/-/recovery-0.2.6.tgz",
              "integrity": "sha1-nPytnNTJK65qBxYsgsz/ua8Kmbk=",
              "requires": {
                "demolish": "1.0.x",
                "eventemitter3": "1.1.x",
                "millisecond": "0.1.x",
                "one-time": "0.0.x",
                "tick-tock": "1.0.x"
              },
              "dependencies": {
                "millisecond": {
                  "version": "0.1.1",
                  "resolved": "https://registry.npmjs.org/millisecond/-/millisecond-0.1.1.tgz",
                  "integrity": "sha1-GiIiwZW6kSHP6aFlPBgtFTO+07A="
                },
                "one-time": {
                  "version": "0.0.4",
                  "resolved": "https://registry.npmjs.org/one-time/-/one-time-0.0.4.tgz",
                  "integrity": "sha1-+M33eISCb+Tf+T46nMN7HkSAdC4="
                }
              }
            },
            "setheader": {
              "version": "0.0.4",
              "resolved": "https://registry.npmjs.org/setheader/-/setheader-0.0.4.tgz",
              "integrity": "sha1-km7SjPdiFJYgkx566j8blYFuxpQ=",
              "requires": {
                "debug": "0.7.x"
              },
              "dependencies": {
                "debug": {
                  "version": "0.7.4",
                  "resolved": "http://registry.npmjs.org/debug/-/debug-0.7.4.tgz",
                  "integrity": "sha1-BuHqgILCyxTjmAbiLi9vdX+Srzk="
                }
              }
            },
            "tick-tock": {
              "version": "1.0.0",
              "resolved": "https://registry.npmjs.org/tick-tock/-/tick-tock-1.0.0.tgz",
              "integrity": "sha1-nE1ZZAZPlVGxj63tNN52rXwbpD4=",
              "requires": {
                "millisecond": "0.1.x"
              },
              "dependencies": {
                "millisecond": {
                  "version": "0.1.1",
                  "resolved": "https://registry.npmjs.org/millisecond/-/millisecond-0.1.1.tgz",
                  "integrity": "sha1-GiIiwZW6kSHP6aFlPBgtFTO+07A="
                }
              }
            },
            "ultron": {
              "version": "1.0.2",
              "resolved": "https://registry.npmjs.org/ultron/-/ultron-1.0.2.tgz",
              "integrity": "sha1-rOEWq1V80Zc4ak6I9GhTeMiy5Po="
            },
            "url-parse": {
              "version": "1.0.4",
              "resolved": "https://registry.npmjs.org/url-parse/-/url-parse-1.0.4.tgz",
              "integrity": "sha1-RJjLUesB7BJFMT/zSkNM+qqsDMA=",
              "requires": {
                "querystringify": "0.0.x",
                "requires-port": "0.0.x"
              },
              "dependencies": {
                "requires-port": {
                  "version": "0.0.1",
                  "resolved": "https://registry.npmjs.org/requires-port/-/requires-port-0.0.1.tgz",
                  "integrity": "sha1-S0QUQR2d98hVmV3YmajHiilRwW0="
                }
              }
            },
            "yeast": {
              "version": "0.1.2",
              "resolved": "https://registry.npmjs.org/yeast/-/yeast-0.1.2.tgz",
              "integrity": "sha1-AI4G2AlDIMNy28L47XagymyKxBk="
            }
          }
        }
      }
    },
    "nan": {
      "version": "2.12.1",
      "resolved": "https://registry.npmjs.org/nan/-/nan-2.12.1.tgz",
      "integrity": "sha512-JY7V6lRkStKcKTvHO5NVSQRv+RV+FIL5pvDoLiAtSL9pKlC5x9PKQcZDsq7m4FO4d57mkhC6Z+QhAh3Jdk5JFw==",
      "optional": true
    },
    "utf-8-validate": {
      "version": "1.2.2",
      "resolved": "https://registry.npmjs.org/utf-8-validate/-/utf-8-validate-1.2.2.tgz",
      "integrity": "sha1-i7hxpHQeCFxwSHynrNvX1tNgKes=",
      "optional": true,
      "requires": {
        "bindings": "~1.2.1",
        "nan": "~2.4.0"
      },
      "dependencies": {
        "nan": {
          "version": "2.4.0",
          "resolved": "https://registry.npmjs.org/nan/-/nan-2.4.0.tgz",
          "integrity": "sha1-+zxZ1F/k7/4hXwuJD4rfbrMtIjI=",
          "optional": true
        }
      }
    }
  }
}
